
Microsoft Visual Studio Solution File, Format Version 12.00
# Visual Studio 2012
Project("{FAE04EC0-301F-11D3-BF4B-00C04F79EFBC}") = "MovieHunter.API", "MovieHunter.API\MovieHunter.API.csproj", "{D7E4DA9C-1845-42AF-80E8-C26A677061F1}"
EndProject
Global
	GlobalSection(SolutionConfigurationPlatforms) = preSolution
		Debug|Any CPU = Debug|Any CPU
		Release|Any CPU = Release|Any CPU
	EndGlobalSection
	GlobalSection(ProjectConfigurationPlatforms) = postSolution
		{D7E4DA9C-1845-42AF-80E8-C26A677061F1}.Debug|Any CPU.ActiveCfg = Debug|Any CPU
		{D7E4DA9C-1845-42AF-80E8-C26A677061F1}.Debug|Any CPU.Build.0 = Debug|Any CPU
		{D7E4DA9C-1845-42AF-80E8-C26A677061F1}.Release|Any CPU.ActiveCfg = Release|Any CPU
		{D7E4DA9C-1845-42AF-80E8-C26A677061F1}.Release|Any CPU.Build.0 = Release|Any CPU
	EndGlobalSection
EndGlobal
